PODS:
  - DCOAboutWindow (0.0.1):
    - DCOTransparentScroller
  - DCOTransparentScroller (0.0.1)

DEPENDENCIES:
  - DCOAboutWindow (from `git@github.com:DangerCove/DCOAboutWindow.git`)

EXTERNAL SOURCES:
  DCOAboutWindow:
    :git: git@github.com:DangerCove/DCOAboutWindow.git

SPEC CHECKSUMS:
  DCOAboutWindow: 7572a1b98bc92ce69301c645dbde6323bf8612c2
  DCOTransparentScroller: 717531cdd01ab13df3fce5ec8669b4d24b432a8b

COCOAPODS: 0.29.0
